
Microsoft Visual Studio Solution File, Format Version 12.00
# Visual Studio Version 17
VisualStudioVersion = 17.1.32328.378
MinimumVisualStudioVersion = 10.0.40219.1
Project("{9A19103F-16F7-4668-BE54-9A1E7A4F7556}") = "AvatarController", "AvatarController\AvatarController.csproj", "{1F53EF0F-5668-43B5-B40D-579EC8D38086}"
EndProject
Project("{9A19103F-16F7-4668-BE54-9A1E7A4F7556}") = "AvatarController.Infrastructure", "AvatarControllerCore\AvatarController.Infrastructure.csproj", "{3EE8EDBB-BEB8-4CEB-804C-262A6C34EEDB}"
EndProject
Project("{9A19103F-16F7-4668-BE54-9A1E7A4F7556}") = "OVR", "ExternalLibs\OVR\OVR.csproj", "{81887A81-FD27-4764-9325-177F0416C3CA}"
EndProject
Project("{2150E333-8FDC-42A3-9474-1A3956D46DE8}") = "ExternalLibs", "ExternalLibs", "{10CF83E2-F5BD-4C42-8DB7-03648F70D5AF}"
EndProject
Project("{9A19103F-16F7-4668-BE54-9A1E7A4F7556}") = "VarjoNative", "ExternalLibs\VarjoNative\VarjoNative.csproj", "{786E9F81-1903-4A32-A5E9-83EB98B7E646}"
EndProject
Project("{FAE04EC0-301F-11D3-BF4B-00C04F79EFBC}") = "SharpOSC", "ExternalLibs\SharpOSC\SharpOSC.csproj", "{9B922B0B-5595-4E05-8270-F63FAAA6C299}"
EndProject
Project("{2150E333-8FDC-42A3-9474-1A3956D46DE8}") = "Modules", "Modules", "{3C6B989A-1516-4770-93CE-0DB3F4D8E4A0}"
EndProject
Project("{9A19103F-16F7-4668-BE54-9A1E7A4F7556}") = "EyeTrackingModule", "Modules\EyeTrackingModule\EyeTrackingModule.csproj", "{3931E23E-3850-4A68-A8D9-DE24CB1FD1BB}"
EndProject
Project("{9A19103F-16F7-4668-BE54-9A1E7A4F7556}") = "HapticsModule", "Modules\HapticsModule\HapticsModule.csproj", "{D37ECE55-78F5-4F84-9D5D-E13C4F959A4A}"
EndProject
Project("{9A19103F-16F7-4668-BE54-9A1E7A4F7556}") = "OSCModule", "Modules\OSCModule\OSCModule.csproj", "{85E51829-F90E-44B7-ADF3-94E57147DC3E}"
EndProject
Global
	GlobalSection(SolutionConfigurationPlatforms) = preSolution
		Debug|Any CPU = Debug|Any CPU
		Release|Any CPU = Release|Any CPU
	EndGlobalSection
	GlobalSection(ProjectConfigurationPlatforms) = postSolution
		{1F53EF0F-5668-43B5-B40D-579EC8D38086}.Debug|Any CPU.ActiveCfg = Debug|Any CPU
		{1F53EF0F-5668-43B5-B40D-579EC8D38086}.Debug|Any CPU.Build.0 = Debug|Any CPU
		{1F53EF0F-5668-43B5-B40D-579EC8D38086}.Release|Any CPU.ActiveCfg = Release|Any CPU
		{1F53EF0F-5668-43B5-B40D-579EC8D38086}.Release|Any CPU.Build.0 = Release|Any CPU
		{3EE8EDBB-BEB8-4CEB-804C-262A6C34EEDB}.Debug|Any CPU.ActiveCfg = Debug|Any CPU
		{3EE8EDBB-BEB8-4CEB-804C-262A6C34EEDB}.Debug|Any CPU.Build.0 = Debug|Any CPU
		{3EE8EDBB-BEB8-4CEB-804C-262A6C34EEDB}.Release|Any CPU.ActiveCfg = Release|Any CPU
		{3EE8EDBB-BEB8-4CEB-804C-262A6C34EEDB}.Release|Any CPU.Build.0 = Release|Any CPU
		{81887A81-FD27-4764-9325-177F0416C3CA}.Debug|Any CPU.ActiveCfg = Debug|Any CPU
		{81887A81-FD27-4764-9325-177F0416C3CA}.Debug|Any CPU.Build.0 = Debug|Any CPU
		{81887A81-FD27-4764-9325-177F0416C3CA}.Release|Any CPU.ActiveCfg = Release|Any CPU
		{81887A81-FD27-4764-9325-177F0416C3CA}.Release|Any CPU.Build.0 = Release|Any CPU
		{786E9F81-1903-4A32-A5E9-83EB98B7E646}.Debug|Any CPU.ActiveCfg = Debug|Any CPU
		{786E9F81-1903-4A32-A5E9-83EB98B7E646}.Debug|Any CPU.Build.0 = Debug|Any CPU
		{786E9F81-1903-4A32-A5E9-83EB98B7E646}.Release|Any CPU.ActiveCfg = Release|Any CPU
		{786E9F81-1903-4A32-A5E9-83EB98B7E646}.Release|Any CPU.Build.0 = Release|Any CPU
		{9B922B0B-5595-4E05-8270-F63FAAA6C299}.Debug|Any CPU.ActiveCfg = Debug|Any CPU
		{9B922B0B-5595-4E05-8270-F63FAAA6C299}.Debug|Any CPU.Build.0 = Debug|Any CPU
		{9B922B0B-5595-4E05-8270-F63FAAA6C299}.Release|Any CPU.ActiveCfg = Release|Any CPU
		{9B922B0B-5595-4E05-8270-F63FAAA6C299}.Release|Any CPU.Build.0 = Release|Any CPU
		{3931E23E-3850-4A68-A8D9-DE24CB1FD1BB}.Debug|Any CPU.ActiveCfg = Debug|Any CPU
		{3931E23E-3850-4A68-A8D9-DE24CB1FD1BB}.Debug|Any CPU.Build.0 = Debug|Any CPU
		{3931E23E-3850-4A68-A8D9-DE24CB1FD1BB}.Release|Any CPU.ActiveCfg = Release|Any CPU
		{3931E23E-3850-4A68-A8D9-DE24CB1FD1BB}.Release|Any CPU.Build.0 = Release|Any CPU
		{D37ECE55-78F5-4F84-9D5D-E13C4F959A4A}.Debug|Any CPU.ActiveCfg = Debug|Any CPU
		{D37ECE55-78F5-4F84-9D5D-E13C4F959A4A}.Debug|Any CPU.Build.0 = Debug|Any CPU
		{D37ECE55-78F5-4F84-9D5D-E13C4F959A4A}.Release|Any CPU.ActiveCfg = Release|Any CPU
		{D37ECE55-78F5-4F84-9D5D-E13C4F959A4A}.Release|Any CPU.Build.0 = Release|Any CPU
		{85E51829-F90E-44B7-ADF3-94E57147DC3E}.Debug|Any CPU.ActiveCfg = Debug|Any CPU
		{85E51829-F90E-44B7-ADF3-94E57147DC3E}.Debug|Any CPU.Build.0 = Debug|Any CPU
		{85E51829-F90E-44B7-ADF3-94E57147DC3E}.Release|Any CPU.ActiveCfg = Release|Any CPU
		{85E51829-F90E-44B7-ADF3-94E57147DC3E}.Release|Any CPU.Build.0 = Release|Any CPU
	EndGlobalSection
	GlobalSection(SolutionProperties) = preSolution
		HideSolutionNode = FALSE
	EndGlobalSection
	GlobalSection(NestedProjects) = preSolution
		{81887A81-FD27-4764-9325-177F0416C3CA} = {10CF83E2-F5BD-4C42-8DB7-03648F70D5AF}
		{786E9F81-1903-4A32-A5E9-83EB98B7E646} = {10CF83E2-F5BD-4C42-8DB7-03648F70D5AF}
		{9B922B0B-5595-4E05-8270-F63FAAA6C299} = {10CF83E2-F5BD-4C42-8DB7-03648F70D5AF}
		{3931E23E-3850-4A68-A8D9-DE24CB1FD1BB} = {3C6B989A-1516-4770-93CE-0DB3F4D8E4A0}
		{D37ECE55-78F5-4F84-9D5D-E13C4F959A4A} = {3C6B989A-1516-4770-93CE-0DB3F4D8E4A0}
		{85E51829-F90E-44B7-ADF3-94E57147DC3E} = {3C6B989A-1516-4770-93CE-0DB3F4D8E4A0}
	EndGlobalSection
	GlobalSection(ExtensibilityGlobals) = postSolution
		SolutionGuid = {B82255F6-0A5F-490D-A23D-CFABAFA51261}
	EndGlobalSection
EndGlobal
